// !$*UTF8*$!
{
	archiveVersion = 1;
	classes = {
	};
	objectVersion = 46;
	objects = {

/* Begin PBXBuildFile section */
		586B14F01E6596DF00693A5E /* AppDelegate.swift in Sources */ = {isa = PBXBuildFile; fileRef = 586B14EF1E6596DF00693A5E /* AppDelegate.swift */; };
		586B14F21E6596DF00693A5E /* ViewController.swift in Sources */ = {isa = PBXBuildFile; fileRef = 586B14F11E6596DF00693A5E /* ViewController.swift */; };
		586B14F51E6596DF00693A5E /* Main.storyboard in Resources */ = {isa = PBXBuildFile; fileRef = 586B14F31E6596DF00693A5E /* Main.storyboard */; };
		586B14F71E6596DF00693A5E /* Assets.xcassets in Resources */ = {isa = PBXBuildFile; fileRef = 586B14F61E6596DF00693A5E /* Assets.xcassets */; };
		586B14FA1E6596DF00693A5E /* LaunchScreen.storyboard in Resources */ = {isa = PBXBuildFile; fileRef = 586B14F81E6596DF00693A5E /* LaunchScreen.storyboard */; };
/* End PBXBuildFile section */

/* Begin PBXFileReference section */
		586B14EC1E6596DF00693A5E /* GLSandboxFileOutput.app */ = {isa = PBXFileReference; explicitFileType = wrapper.application; includeInIndex = 0; path = GLSandboxFileOutput.app; sourceTree = BUILT_PRODUCTS_DIR; };
		586B14EF1E6596DF00693A5E /* AppDelegate.swift */ = {isa = PBXFileReference; lastKnownFileType = sourcecode.swift; path = AppDelegate.swift; sourceTree = "<group>"; };
		586B14F11E6596DF00693A5E /* ViewController.swift */ = {isa = PBXFileReference; lastKnownFileType = sourcecode.swift; path = ViewController.swift; sourceTree = "<group>"; };
		586B14F41E6596DF00693A5E /* Base */ = {isa = PBXFileReference; lastKnownFileType = file.storyboard; name = Base; path = Base.lproj/Main.storyboard; sourceTree = "<group>"; };
		586B14F61E6596DF00693A5E /* Assets.xcassets */ = {isa = PBXFileReference; lastKnownFileType = folder.assetcatalog; path = Assets.xcassets; sourceTree = "<group>"; };
		586B14F91E6596DF00693A5E /* Base */ = {isa = PBXFileReference; lastKnownFileType = file.storyboard; name = Base; path = Base.lproj/LaunchScreen.storyboard; sourceTree = "<group>"; };
		586B14FB1E6596DF00693A5E /* Info.plist */ = {isa = PBXFileReference; lastKnownFileType = text.plist.xml; path = Info.plist; sourceTree = "<group>"; };
/* End PBXFileReference section */

/* Begin PBXFrameworksBuildPhase section */
		586B14E91E6596DF00693A5E /* Frameworks */ = {
			isa = PBXFrameworksBuildPhase;
			buildActionMask = 2147483647;
			files = (
			);
			runOnlyForDeploymentPostprocessing = 0;
		};
/* End PBXFrameworksBuildPhase section */

/* Begin PBXGroup section */
		586B14E31E6596DF00693A5E = {
			isa = PBXGroup;
			children = (
				586B14EE1E6596DF00693A5E /* GLSandboxFileOutput */,
				586B14ED1E6596DF00693A5E /* Products */,
			);
			sourceTree = "<group>";
		};
		586B14ED1E6596DF00693A5E /* Products */ = {
			isa = PBXGroup;
			children = (
				586B14EC1E6596DF00693A5E /* GLSandboxFileOutput.app */,
			);
			name = Products;
			sourceTree = "<group>";
		};
		586B14EE1E6596DF00693A5E /* GLSandboxFileOutput */ = {
			isa = PBXGroup;
			children = (
				586B14EF1E6596DF00693A5E /* AppDelegate.swift */,
				586B14F11E6596DF00693A5E /* ViewController.swift */,
				586B14F31E6596DF00693A5E /* Main.storyboard */,
				586B14F61E6596DF00693A5E /* Assets.xcassets */,
				586B14F81E6596DF00693A5E /* LaunchScreen.storyboard */,
				586B14FB1E6596DF00693A5E /* Info.plist */,
			);
			path = GLSandboxFileOutput;
			sourceTree = "<group>";
		};
/* End PBXGroup section */

/* Begin PBXNativeTarget section */
		586B14EB1E6596DF00693A5E /* GLSandboxFileOutput */ = {
			isa = PBXNativeTarget;
			buildConfigurationList = 586B14FE1E6596DF00693A5E /* Build configuration list for PBXNativeTarget "GLSandboxFileOutput" */;
			buildPhases = (
				586B14E81E6596DF00693A5E /* Sources */,
				586B14E91E6596DF00693A5E /* Frameworks */,
				586B14EA1E6596DF00693A5E /* Resources */,
			);
			buildRules = (
			);
			dependencies = (
			);
			name = GLSandboxFileOutput;
			productName = GLSandboxFileOutput;
			productReference = 586B14EC1E6596DF00693A5E /* GLSandboxFileOutput.app */;
			productType = "com.apple.product-type.application";
		};
/* End PBXNativeTarget section */

/* Begin PBXProject section */
		586B14E41E6596DF00693A5E /* Project object */ = {
			isa = PBXProject;
			attributes = {
				LastSwiftUpdateCheck = 0820;
				LastUpgradeCheck = 0820;
				ORGANIZATIONNAME = ZK;
				TargetAttributes = {
					586B14EB1E6596DF00693A5E = {
						CreatedOnToolsVersion = 8.2.1;
						ProvisioningStyle = Automatic;
					};
				};
			};
			buildConfigurationList = 586B14E71E6596DF00693A5E /* Build configuration list for PBXProject "GLSandboxFileOutput" */;
			compatibilityVersion = "Xcode 3.2";
			developmentRegion = English;
			hasScannedForEncodings = 0;
			knownRegions = (
				en,
				Base,
			);
			mainGroup = 586B14E31E6596DF00693A5E;
			productRefGroup = 586B14ED1E6596DF00693A5E /* Products */;
			projectDirPath = "";
			projectRoot = "";
			targets = (
				586B14EB1E6596DF00693A5E /* GLSandboxFileOutput */,
			);
		};
/* End PBXProject section */

/* Begin PBXResourcesBuildPhase section */
		586B14EA1E6596DF00693A5E /* Resources */ = {
			isa = PBXResourcesBuildPhase;
			buildActionMask = 2147483647;
			files = (
				586B14FA1E6596DF00693A5E /* LaunchScreen.storyboard in Resources */,
				586B14F71E6596DF00693A5E /* Assets.xcassets in Resources */,
				586B14F51E6596DF00693A5E /* Main.storyboard in Resources */,
			);
			runOnlyForDeploymentPostprocessing = 0;
		};
/* End PBXResourcesBuildPhase section */

/* Begin PBXSourcesBuildPhase section */
		586B14E81E6596DF00693A5E /* Sources */ = {
			isa = PBXSourcesBuildPhase;
			buildActionMask = 2147483647;
			files = (
				586B14F21E6596DF00693A5E /* ViewController.swift in Sources */,
				586B14F01E6596DF00693A5E /* AppDelegate.swift in Sources */,
			);
			runOnlyForDeploymentPostprocessing = 0;
		};
/* End PBXSourcesBuildPhase section */

/* Begin PBXVariantGroup section */
		586B14F31E6596DF00693A5E /* Main.storyboard */ = {
			isa = PBXVariantGroup;
			children = (
				586B14F41E6596DF00693A5E /* Base */,
			);
			name = Main.storyboard;
			sourceTree = "<group>";
		};
		586B14F81E6596DF00693A5E /* LaunchScreen.storyboard */ = {
			isa = PBXVariantGroup;
			children = (
				586B14F91E6596DF00693A5E /* Base */,
			);
			name = LaunchScreen.storyboard;
			sourceTree = "<group>";
		};
/* End PBXVariantGroup section */

/* Begin XCBuildConfiguration section */
		586B14FC1E6596DF00693A5E /* Debug */ = {
			isa = XCBuildConfiguration;
			buildSettings = {
				ALWAYS_SEARCH_USER_PATHS = NO;
				CLANG_ANALYZER_NONNULL = YES;
				CLANG_CXX_LANGUAGE_STANDARD = "gnu++0x";
				CLANG_CXX_LIBRARY = "libc++";
				CLANG_ENABLE_MODULES = YES;
				CLANG_ENABLE_OBJC_ARC = YES;
				CLANG_WARN_BOOL_CONVERSION = YES;
				CLANG_WARN_CONSTANT_CONVERSION = YES;
				CLANG_WARN_DIRECT_OBJC_ISA_USAGE = YES_ERROR;
				CLANG_WARN_DOCUMENTATION_COMMENTS = YES;
				CLANG_WARN_EMPTY_BODY = YES;
				CLANG_WARN_ENUM_CONVERSION = YES;
				CLANG_WARN_INFINITE_RECURSION = YES;
				CLANG_WARN_INT_CONVERSION = YES;
				CLANG_WARN_OBJC_ROOT_CLASS = YES_ERROR;
				CLANG_WARN_SUSPICIOUS_MOVE = YES;
				CLANG_WARN_UNREACHABLE_CODE = YES;
				CLANG_WARN__DUPLICATE_METHOD_MATCH = YES;
				"CODE_SIGN_IDENTITY[sdk=iphoneos*]" = "iPhone Developer";
				COPY_PHASE_STRIP = NO;
				DEBUG_INFORMATION_FORMAT = dwarf;
				ENABLE_STRICT_OBJC_MSGSEND = YES;
				ENABLE_TESTABILITY = YES;
				GCC_C_LANGUAGE_STANDARD = gnu99;
				GCC_DYNAMIC_NO_PIC = NO;
				GCC_NO_COMMON_BLOCKS = YES;
				GCC_OPTIMIZATION_LEVEL = 0;
				GCC_PREPROCESSOR_DEFINITIONS = (
					"DEBUG=1",
					"$(inherited)",
				);
				GCC_WARN_64_TO_32_BIT_CONVERSION = YES;
				GCC_WARN_ABOUT_RETURN_TYPE = YES_ERROR;
				GCC_WARN_UNDECLARED_SELECTOR = YES;
				GCC_WARN_UNINITIALIZED_AUTOS = YES_AGGRESSIVE;
				GCC_WARN_UNUSED_FUNCTION = YES;
				GCC_WARN_UNUSED_VARIABLE = YES;
				IPHONEOS_DEPLOYMENT_TARGET = 10.2;
				MTL_ENABLE_DEBUG_INFO = YES;
				ONLY_ACTIVE_ARCH = YES;
				SDKROOT = iphoneos;
				SWIFT_ACTIVE_COMPILATION_CONDITIONS = DEBUG;
				SWIFT_OPTIMIZATION_LEVEL = "-Onone";
			};
			name = Debug;
		};
		586B14FD1E6596DF00693A5E /* Release */ = {
			isa = XCBuildConfiguration;
			buildSettings = {
				ALWAYS_SEARCH_USER_PATHS = NO;
				CLANG_ANALYZER_NONNULL = YES;
				CLANG_CXX_LANGUAGE_STANDARD = "gnu++0x";
				CLANG_CXX_LIBRARY = "libc++";
				CLANG_ENABLE_MODULES = YES;
				CLANG_ENABLE_OBJC_ARC = YES;
				CLANG_WARN_BOOL_CONVERSION = YES;
				CLANG_WARN_CONSTANT_CONVERSION = YES;
				CLANG_WARN_DIRECT_OBJC_ISA_USAGE = YES_ERROR;
				CLANG_WARN_DOCUMENTATION_COMMENTS = YES;
				CLANG_WARN_EMPTY_BODY = YES;
				CLANG_WARN_ENUM_CONVERSION = YES;
				CLANG_WARN_INFINITE_RECURSION = YES;
				CLANG_WARN_INT_CONVERSION = YES;
				CLANG_WARN_OBJC_ROOT_CLASS = YES_ERROR;
				CLANG_WARN_SUSPICIOUS_MOVE = YES;
				CLANG_WARN_UNREACHABLE_CODE = YES;
				CLANG_WARN__DUPLICATE_METHOD_MATCH = YES;
				"CODE_SIGN_IDENTITY[sdk=iphoneos*]" = "iPhone Developer";
				COPY_PHASE_STRIP = NO;
				DEBUG_INFORMATION_FORMAT = "dwarf-with-dsym";
				ENABLE_NS_ASSERTIONS = NO;
				ENABLE_STRICT_OBJC_MSGSEND = YES;
				GCC_C_LANGUAGE_STANDARD = gnu99;
				GCC_NO_COMMON_BLOCKS = YES;
				GCC_WARN_64_TO_32_BIT_CONVERSION = YES;
				GCC_WARN_ABOUT_RETURN_TYPE = YES_ERROR;
				GCC_WARN_UNDECLARED_SELECTOR = YES;
				GCC_WARN_UNINITIALIZED_AUTOS = YES_AGGRESSIVE;
				GCC_WARN_UNUSED_FUNCTION = YES;
				GCC_WARN_UNUSED_VARIABLE = YES;
				IPHONEOS_DEPLOYMENT_TARGET = 10.2;
				MTL_ENABLE_DEBUG_INFO = NO;
				SDKROOT = iphoneos;
				SWIFT_OPTIMIZATION_LEVEL = "-Owholemodule";
				VALIDATE_PRODUCT = YES;
			};
			name = Release;
		};
		586B14FF1E6596DF00693A5E /* Debug */ = {
			isa = XCBuildConfiguration;
			buildSettings = {
				ASSETCATALOG_COMPILER_APPICON_NAME = AppIcon;
				INFOPLIST_FILE = GLSandboxFileOutput/Info.plist;
				LD_RUNPATH_SEARCH_PATHS = "$(inherited) @executable_path/Frameworks";
				PRODUCT_BUNDLE_IDENTIFIER = gl.GLSandboxFileOutput;
				PRODUCT_NAME = "$(TARGET_NAME)";
				SWIFT_VERSION = 3.0;
			};
			name = Debug;
		};
		586B15001E6596DF00693A5E /* Release */ = {
			isa = XCBuildConfiguration;
			buildSettings = {
				ASSETCATALOG_COMPILER_APPICON_NAME = AppIcon;
				INFOPLIST_FILE = GLSandboxFileOutput/Info.plist;
				LD_RUNPATH_SEARCH_PATHS = "$(inherited) @executable_path/Frameworks";
				PRODUCT_BUNDLE_IDENTIFIER = gl.GLSandboxFileOutput;
				PRODUCT_NAME = "$(TARGET_NAME)";
				SWIFT_VERSION = 3.0;
			};
			name = Release;
		};
/* End XCBuildConfiguration section */

/* Begin XCConfigurationList section */
		586B14E71E6596DF00693A5E /* Build configuration list for PBXProject "GLSandboxFileOutput" */ = {
			isa = XCConfigurationList;
			buildConfigurations = (
				586B14FC1E6596DF00693A5E /* Debug */,
				586B14FD1E6596DF00693A5E /* Release */,
			);
			defaultConfigurationIsVisible = 0;
			defaultConfigurationName = Release;
		};
		586B14FE1E6596DF00693A5E /* Build configuration list for PBXNativeTarget "GLSandboxFileOutput" */ = {
			isa = XCConfigurationList;
			buildConfigurations = (
				586B14FF1E6596DF00693A5E /* Debug */,
				586B15001E6596DF00693A5E /* Release */,
			);
			defaultConfigurationIsVisible = 0;
		};
/* End XCConfigurationList section */
	};
	rootObject = 586B14E41E6596DF00693A5E /* Project object */;
}
